
Microsoft Visual Studio Solution File, Format Version 12.00
# Visual Studio Version 16
VisualStudioVersion = 16.0.30114.105
MinimumVisualStudioVersion = 10.0.40219.1
Project("{9A19103F-16F7-4668-BE54-9A1E7A4F7556}") = "DinnersReady", "DinnersReady\DinnersReady.csproj", "{F2C6CE53-2494-4179-B008-CFAA8B26E986}"
EndProject
Global
	GlobalSection(SolutionConfigurationPlatforms) = preSolution
		Debug|Any CPU = Debug|Any CPU
		Release|Any CPU = Release|Any CPU
	EndGlobalSection
	GlobalSection(ProjectConfigurationPlatforms) = postSolution
		{F2C6CE53-2494-4179-B008-CFAA8B26E986}.Debug|Any CPU.ActiveCfg = Release|Any CPU
		{F2C6CE53-2494-4179-B008-CFAA8B26E986}.Debug|Any CPU.Build.0 = Release|Any CPU
		{F2C6CE53-2494-4179-B008-CFAA8B26E986}.Release|Any CPU.ActiveCfg = Release|Any CPU
		{F2C6CE53-2494-4179-B008-CFAA8B26E986}.Release|Any CPU.Build.0 = Release|Any CPU
	EndGlobalSection
	GlobalSection(SolutionProperties) = preSolution
		HideSolutionNode = FALSE
	EndGlobalSection
	GlobalSection(ExtensibilityGlobals) = postSolution
		SolutionGuid = {F0E7B1F3-8437-440F-B767-41678E03B07F}
	EndGlobalSection
EndGlobal
